
Microsoft Visual Studio Solution File, Format Version 12.00
# Visual Studio Version 17
VisualStudioVersion = 17.10.34928.147
MinimumVisualStudioVersion = 10.0.40219.1
Project("{2150E333-8FDC-42A3-9474-1A3956D46DE8}") = "FrontEnd", "FrontEnd", "{2BB0138D-9FD2-453A-968E-E163D09C254E}"
EndProject
Project("{2150E333-8FDC-42A3-9474-1A3956D46DE8}") = "Services", "Services", "{76E3F91D-C809-4C62-90F5-BBFA6F8A776A}"
EndProject
Project("{FAE04EC0-301F-11D3-BF4B-00C04F79EFBC}") = "GeekShopping.Web", "GeekShopping.Web\GeekShopping.Web.csproj", "{7C199951-23EF-47B1-9F41-7C7450F29CB8}"
EndProject
Project("{FAE04EC0-301F-11D3-BF4B-00C04F79EFBC}") = "GeekShopping.ProductAPI", "GeekShopping.ProductAPI\GeekShopping.ProductAPI.csproj", "{D5183102-FB0F-4339-8765-7519D8F46A05}"
EndProject
Global
	GlobalSection(SolutionConfigurationPlatforms) = preSolution
		Debug|Any CPU = Debug|Any CPU
		Release|Any CPU = Release|Any CPU
	EndGlobalSection
	GlobalSection(ProjectConfigurationPlatforms) = postSolution
		{7C199951-23EF-47B1-9F41-7C7450F29CB8}.Debug|Any CPU.ActiveCfg = Debug|Any CPU
		{7C199951-23EF-47B1-9F41-7C7450F29CB8}.Debug|Any CPU.Build.0 = Debug|Any CPU
		{7C199951-23EF-47B1-9F41-7C7450F29CB8}.Release|Any CPU.ActiveCfg = Release|Any CPU
		{7C199951-23EF-47B1-9F41-7C7450F29CB8}.Release|Any CPU.Build.0 = Release|Any CPU
		{D5183102-FB0F-4339-8765-7519D8F46A05}.Debug|Any CPU.ActiveCfg = Debug|Any CPU
		{D5183102-FB0F-4339-8765-7519D8F46A05}.Debug|Any CPU.Build.0 = Debug|Any CPU
		{D5183102-FB0F-4339-8765-7519D8F46A05}.Release|Any CPU.ActiveCfg = Release|Any CPU
		{D5183102-FB0F-4339-8765-7519D8F46A05}.Release|Any CPU.Build.0 = Release|Any CPU
	EndGlobalSection
	GlobalSection(SolutionProperties) = preSolution
		HideSolutionNode = FALSE
	EndGlobalSection
	GlobalSection(NestedProjects) = preSolution
		{7C199951-23EF-47B1-9F41-7C7450F29CB8} = {2BB0138D-9FD2-453A-968E-E163D09C254E}
		{D5183102-FB0F-4339-8765-7519D8F46A05} = {76E3F91D-C809-4C62-90F5-BBFA6F8A776A}
	EndGlobalSection
	GlobalSection(ExtensibilityGlobals) = postSolution
		SolutionGuid = {780FA283-9954-43E2-BBC0-2D16F3488A83}
	EndGlobalSection
EndGlobal
